
Microsoft Visual Studio Solution File, Format Version 12.00
# Visual Studio Version 17
VisualStudioVersion = 17.3.32804.467
MinimumVisualStudioVersion = 10.0.40219.1
Project("{FAE04EC0-301F-11D3-BF4B-00C04F79EFBC}") = "cs-theory-infoprocess", "cs-theory-infoprocess.csproj", "{BBB1CC9B-C874-4564-B5E4-7AB3DD0C6C8A}"
EndProject
Global
	GlobalSection(SolutionConfigurationPlatforms) = preSolution
		Debug|Any CPU = Debug|Any CPU
		Release|Any CPU = Release|Any CPU
	EndGlobalSection
	GlobalSection(ProjectConfigurationPlatforms) = postSolution
		{BBB1CC9B-C874-4564-B5E4-7AB3DD0C6C8A}.Debug|Any CPU.ActiveCfg = Debug|Any CPU
		{BBB1CC9B-C874-4564-B5E4-7AB3DD0C6C8A}.Debug|Any CPU.Build.0 = Debug|Any CPU
		{BBB1CC9B-C874-4564-B5E4-7AB3DD0C6C8A}.Release|Any CPU.ActiveCfg = Release|Any CPU
		{BBB1CC9B-C874-4564-B5E4-7AB3DD0C6C8A}.Release|Any CPU.Build.0 = Release|Any CPU
	EndGlobalSection
	GlobalSection(SolutionProperties) = preSolution
		HideSolutionNode = FALSE
	EndGlobalSection
	GlobalSection(ExtensibilityGlobals) = postSolution
		SolutionGuid = {9392ED1A-C9F0-4AA9-B515-4D8B4E979330}
	EndGlobalSection
EndGlobal
